
Microsoft Visual Studio Solution File, Format Version 12.00
# Visual Studio Version 17
VisualStudioVersion = 17.5.33516.290
MinimumVisualStudioVersion = 10.0.40219.1
Project("{FAE04EC0-301F-11D3-BF4B-00C04F79EFBC}") = "aws-contractor-media-portal", "aws-contractor-media-portal.csproj", "{FFAC0902-CCEF-483B-AC62-48D058EDFDF3}"
EndProject
Global
	GlobalSection(SolutionConfigurationPlatforms) = preSolution
		Debug|Any CPU = Debug|Any CPU
		Release|Any CPU = Release|Any CPU
	EndGlobalSection
	GlobalSection(ProjectConfigurationPlatforms) = postSolution
		{FFAC0902-CCEF-483B-AC62-48D058EDFDF3}.Debug|Any CPU.ActiveCfg = Debug|Any CPU
		{FFAC0902-CCEF-483B-AC62-48D058EDFDF3}.Debug|Any CPU.Build.0 = Debug|Any CPU
		{FFAC0902-CCEF-483B-AC62-48D058EDFDF3}.Release|Any CPU.ActiveCfg = Release|Any CPU
		{FFAC0902-CCEF-483B-AC62-48D058EDFDF3}.Release|Any CPU.Build.0 = Release|Any CPU
	EndGlobalSection
	GlobalSection(SolutionProperties) = preSolution
		HideSolutionNode = FALSE
	EndGlobalSection
	GlobalSection(ExtensibilityGlobals) = postSolution
		SolutionGuid = {6CB9AE87-D421-456F-84ED-E54B76B20AC8}
	EndGlobalSection
EndGlobal
